
Microsoft Visual Studio Solution File, Format Version 12.00
# Visual Studio Version 16
VisualStudioVersion = 16.0.30114.105
MinimumVisualStudioVersion = 10.0.40219.1
Project("{FAE04EC0-301F-11D3-BF4B-00C04F79EFBC}") = "MessagingApp.Api", "MessagingApp.Api\MessagingApp.Api.csproj", "{04351FC2-DDE8-4197-B6BD-85A33629375B}"
EndProject
Project("{FAE04EC0-301F-11D3-BF4B-00C04F79EFBC}") = "MessagingApp.Tests", "MessagingApp.Tests\MessagingApp.Tests.csproj", "{6E776671-89ED-4332-8D7C-E3B609D1A530}"
EndProject
Project("{FAE04EC0-301F-11D3-BF4B-00C04F79EFBC}") = "MessagingApp.Infrastructure", "MessagingApp.Infrastructure\MessagingApp.Infrastructure.csproj", "{FE3B2A1D-18F3-4627-BC19-556BBE3898FC}"
EndProject
Global
	GlobalSection(SolutionProperties) = preSolution
		HideSolutionNode = FALSE
	EndGlobalSection
	GlobalSection(SolutionConfigurationPlatforms) = preSolution
		Debug|Any CPU = Debug|Any CPU
		Debug|x64 = Debug|x64
		Debug|x86 = Debug|x86
		Release|Any CPU = Release|Any CPU
		Release|x64 = Release|x64
		Release|x86 = Release|x86
	EndGlobalSection
	GlobalSection(ProjectConfigurationPlatforms) = postSolution
		{04351FC2-DDE8-4197-B6BD-85A33629375B}.Debug|Any CPU.ActiveCfg = Debug|Any CPU
		{04351FC2-DDE8-4197-B6BD-85A33629375B}.Debug|Any CPU.Build.0 = Debug|Any CPU
		{04351FC2-DDE8-4197-B6BD-85A33629375B}.Debug|x64.ActiveCfg = Debug|Any CPU
		{04351FC2-DDE8-4197-B6BD-85A33629375B}.Debug|x64.Build.0 = Debug|Any CPU
		{04351FC2-DDE8-4197-B6BD-85A33629375B}.Debug|x86.ActiveCfg = Debug|Any CPU
		{04351FC2-DDE8-4197-B6BD-85A33629375B}.Debug|x86.Build.0 = Debug|Any CPU
		{04351FC2-DDE8-4197-B6BD-85A33629375B}.Release|Any CPU.ActiveCfg = Release|Any CPU
		{04351FC2-DDE8-4197-B6BD-85A33629375B}.Release|Any CPU.Build.0 = Release|Any CPU
		{04351FC2-DDE8-4197-B6BD-85A33629375B}.Release|x64.ActiveCfg = Release|Any CPU
		{04351FC2-DDE8-4197-B6BD-85A33629375B}.Release|x64.Build.0 = Release|Any CPU
		{04351FC2-DDE8-4197-B6BD-85A33629375B}.Release|x86.ActiveCfg = Release|Any CPU
		{04351FC2-DDE8-4197-B6BD-85A33629375B}.Release|x86.Build.0 = Release|Any CPU
		{6E776671-89ED-4332-8D7C-E3B609D1A530}.Debug|Any CPU.ActiveCfg = Debug|Any CPU
		{6E776671-89ED-4332-8D7C-E3B609D1A530}.Debug|Any CPU.Build.0 = Debug|Any CPU
		{6E776671-89ED-4332-8D7C-E3B609D1A530}.Debug|x64.ActiveCfg = Debug|Any CPU
		{6E776671-89ED-4332-8D7C-E3B609D1A530}.Debug|x64.Build.0 = Debug|Any CPU
		{6E776671-89ED-4332-8D7C-E3B609D1A530}.Debug|x86.ActiveCfg = Debug|Any CPU
		{6E776671-89ED-4332-8D7C-E3B609D1A530}.Debug|x86.Build.0 = Debug|Any CPU
		{6E776671-89ED-4332-8D7C-E3B609D1A530}.Release|Any CPU.ActiveCfg = Release|Any CPU
		{6E776671-89ED-4332-8D7C-E3B609D1A530}.Release|Any CPU.Build.0 = Release|Any CPU
		{6E776671-89ED-4332-8D7C-E3B609D1A530}.Release|x64.ActiveCfg = Release|Any CPU
		{6E776671-89ED-4332-8D7C-E3B609D1A530}.Release|x64.Build.0 = Release|Any CPU
		{6E776671-89ED-4332-8D7C-E3B609D1A530}.Release|x86.ActiveCfg = Release|Any CPU
		{6E776671-89ED-4332-8D7C-E3B609D1A530}.Release|x86.Build.0 = Release|Any CPU
		{FE3B2A1D-18F3-4627-BC19-556BBE3898FC}.Debug|Any CPU.ActiveCfg = Debug|Any CPU
		{FE3B2A1D-18F3-4627-BC19-556BBE3898FC}.Debug|Any CPU.Build.0 = Debug|Any CPU
		{FE3B2A1D-18F3-4627-BC19-556BBE3898FC}.Debug|x64.ActiveCfg = Debug|Any CPU
		{FE3B2A1D-18F3-4627-BC19-556BBE3898FC}.Debug|x64.Build.0 = Debug|Any CPU
		{FE3B2A1D-18F3-4627-BC19-556BBE3898FC}.Debug|x86.ActiveCfg = Debug|Any CPU
		{FE3B2A1D-18F3-4627-BC19-556BBE3898FC}.Debug|x86.Build.0 = Debug|Any CPU
		{FE3B2A1D-18F3-4627-BC19-556BBE3898FC}.Release|Any CPU.ActiveCfg = Release|Any CPU
		{FE3B2A1D-18F3-4627-BC19-556BBE3898FC}.Release|Any CPU.Build.0 = Release|Any CPU
		{FE3B2A1D-18F3-4627-BC19-556BBE3898FC}.Release|x64.ActiveCfg = Release|Any CPU
		{FE3B2A1D-18F3-4627-BC19-556BBE3898FC}.Release|x64.Build.0 = Release|Any CPU
		{FE3B2A1D-18F3-4627-BC19-556BBE3898FC}.Release|x86.ActiveCfg = Release|Any CPU
		{FE3B2A1D-18F3-4627-BC19-556BBE3898FC}.Release|x86.Build.0 = Release|Any CPU
	EndGlobalSection
EndGlobal
